
Microsoft Visual Studio Solution File, Format Version 12.00
# Visual Studio 15
VisualStudioVersion = 15.0.28307.271
MinimumVisualStudioVersion = 10.0.40219.1
Project("{FAE04EC0-301F-11D3-BF4B-00C04F79EFBC}") = "xamarinFitnessApp.Android", "xamarinFitnessApp\xamarinFitnessApp.Android\xamarinFitnessApp.Android.csproj", "{692FD25B-045C-4A19-B709-EA287303301E}"
EndProject
Project("{FAE04EC0-301F-11D3-BF4B-00C04F79EFBC}") = "xamarinFitnessApp.iOS", "xamarinFitnessApp\xamarinFitnessApp.iOS\xamarinFitnessApp.iOS.csproj", "{5380284E-F446-462F-9B4E-DF84D2C07C32}"
EndProject
Project("{FAE04EC0-301F-11D3-BF4B-00C04F79EFBC}") = "xamarinFitnessApp.UWP", "xamarinFitnessApp\xamarinFitnessApp.UWP\xamarinFitnessApp.UWP.csproj", "{733A52D0-8D0E-445D-AF65-B7C5F876827F}"
EndProject
Project("{FAE04EC0-301F-11D3-BF4B-00C04F79EFBC}") = "xamarinFitnessApp", "xamarinFitnessApp\xamarinFitnessApp\xamarinFitnessApp.csproj", "{79DDFBAB-F371-4A62-A861-087BA32C1358}"
EndProject
Global
	GlobalSection(SolutionConfigurationPlatforms) = preSolution
		Ad-Hoc|Any CPU = Ad-Hoc|Any CPU
		Ad-Hoc|ARM = Ad-Hoc|ARM
		Ad-Hoc|iPhone = Ad-Hoc|iPhone
		Ad-Hoc|iPhoneSimulator = Ad-Hoc|iPhoneSimulator
		Ad-Hoc|x64 = Ad-Hoc|x64
		Ad-Hoc|x86 = Ad-Hoc|x86
		AppStore|Any CPU = AppStore|Any CPU
		AppStore|ARM = AppStore|ARM
		AppStore|iPhone = AppStore|iPhone
		AppStore|iPhoneSimulator = AppStore|iPhoneSimulator
		AppStore|x64 = AppStore|x64
		AppStore|x86 = AppStore|x86
		Debug|Any CPU = Debug|Any CPU
		Debug|ARM = Debug|ARM
		Debug|iPhone = Debug|iPhone
		Debug|iPhoneSimulator = Debug|iPhoneSimulator
		Debug|x64 = Debug|x64
		Debug|x86 = Debug|x86
		Release|Any CPU = Release|Any CPU
		Release|ARM = Release|ARM
		Release|iPhone = Release|iPhone
		Release|iPhoneSimulator = Release|iPhoneSimulator
		Release|x64 = Release|x64
		Release|x86 = Release|x86
	EndGlobalSection
	GlobalSection(ProjectConfigurationPlatforms) = postSolution
		{692FD25B-045C-4A19-B709-EA287303301E}.Ad-Hoc|Any CPU.ActiveCfg = Release|Any CPU
		{692FD25B-045C-4A19-B709-EA287303301E}.Ad-Hoc|Any CPU.Build.0 = Release|Any CPU
		{692FD25B-045C-4A19-B709-EA287303301E}.Ad-Hoc|Any CPU.Deploy.0 = Release|Any CPU
		{692FD25B-045C-4A19-B709-EA287303301E}.Ad-Hoc|ARM.ActiveCfg = Release|Any CPU
		{692FD25B-045C-4A19-B709-EA287303301E}.Ad-Hoc|ARM.Build.0 = Release|Any CPU
		{692FD25B-045C-4A19-B709-EA287303301E}.Ad-Hoc|ARM.Deploy.0 = Release|Any CPU
		{692FD25B-045C-4A19-B709-EA287303301E}.Ad-Hoc|iPhone.ActiveCfg = Release|Any CPU
		{692FD25B-045C-4A19-B709-EA287303301E}.Ad-Hoc|iPhone.Build.0 = Release|Any CPU
		{692FD25B-045C-4A19-B709-EA287303301E}.Ad-Hoc|iPhone.Deploy.0 = Release|Any CPU
		{692FD25B-045C-4A19-B709-EA287303301E}.Ad-Hoc|iPhoneSimulator.ActiveCfg = Release|Any CPU
		{692FD25B-045C-4A19-B709-EA287303301E}.Ad-Hoc|iPhoneSimulator.Build.0 = Release|Any CPU
		{692FD25B-045C-4A19-B709-EA287303301E}.Ad-Hoc|iPhoneSimulator.Deploy.0 = Release|Any CPU
		{692FD25B-045C-4A19-B709-EA287303301E}.Ad-Hoc|x64.ActiveCfg = Release|Any CPU
		{692FD25B-045C-4A19-B709-EA287303301E}.Ad-Hoc|x64.Build.0 = Release|Any CPU
		{692FD25B-045C-4A19-B709-EA287303301E}.Ad-Hoc|x64.Deploy.0 = Release|Any CPU
		{692FD25B-045C-4A19-B709-EA287303301E}.Ad-Hoc|x86.ActiveCfg = Release|Any CPU
		{692FD25B-045C-4A19-B709-EA287303301E}.Ad-Hoc|x86.Build.0 = Release|Any CPU
		{692FD25B-045C-4A19-B709-EA287303301E}.Ad-Hoc|x86.Deploy.0 = Release|Any CPU
		{692FD25B-045C-4A19-B709-EA287303301E}.AppStore|Any CPU.ActiveCfg = Release|Any CPU
		{692FD25B-045C-4A19-B709-EA287303301E}.AppStore|Any CPU.Build.0 = Release|Any CPU
		{692FD25B-045C-4A19-B709-EA287303301E}.AppStore|Any CPU.Deploy.0 = Release|Any CPU
		{692FD25B-045C-4A19-B709-EA287303301E}.AppStore|ARM.ActiveCfg = Release|Any CPU
		{692FD25B-045C-4A19-B709-EA287303301E}.AppStore|ARM.Build.0 = Release|Any CPU
		{692FD25B-045C-4A19-B709-EA287303301E}.AppStore|ARM.Deploy.0 = Release|Any CPU
		{692FD25B-045C-4A19-B709-EA287303301E}.AppStore|iPhone.ActiveCfg = Release|Any CPU
		{692FD25B-045C-4A19-B709-EA287303301E}.AppStore|iPhone.Build.0 = Release|Any CPU
		{692FD25B-045C-4A19-B709-EA287303301E}.AppStore|iPhone.Deploy.0 = Release|Any CPU
		{692FD25B-045C-4A19-B709-EA287303301E}.AppStore|iPhoneSimulator.ActiveCfg = Release|Any CPU
		{692FD25B-045C-4A19-B709-EA287303301E}.AppStore|iPhoneSimulator.Build.0 = Release|Any CPU
		{692FD25B-045C-4A19-B709-EA287303301E}.AppStore|iPhoneSimulator.Deploy.0 = Release|Any CPU
		{692FD25B-045C-4A19-B709-EA287303301E}.AppStore|x64.ActiveCfg = Release|Any CPU
		{692FD25B-045C-4A19-B709-EA287303301E}.AppStore|x64.Build.0 = Release|Any CPU
		{692FD25B-045C-4A19-B709-EA287303301E}.AppStore|x64.Deploy.0 = Release|Any CPU
		{692FD25B-045C-4A19-B709-EA287303301E}.AppStore|x86.ActiveCfg = Release|Any CPU
		{692FD25B-045C-4A19-B709-EA287303301E}.AppStore|x86.Build.0 = Release|Any CPU
		{692FD25B-045C-4A19-B709-EA287303301E}.AppStore|x86.Deploy.0 = Release|Any CPU
		{692FD25B-045C-4A19-B709-EA287303301E}.Debug|Any CPU.ActiveCfg = Debug|Any CPU
		{692FD25B-045C-4A19-B709-EA287303301E}.Debug|Any CPU.Build.0 = Debug|Any CPU
		{692FD25B-045C-4A19-B709-EA287303301E}.Debug|Any CPU.Deploy.0 = Debug|Any CPU
		{692FD25B-045C-4A19-B709-EA287303301E}.Debug|ARM.ActiveCfg = Debug|Any CPU
		{692FD25B-045C-4A19-B709-EA287303301E}.Debug|ARM.Build.0 = Debug|Any CPU
		{692FD25B-045C-4A19-B709-EA287303301E}.Debug|ARM.Deploy.0 = Debug|Any CPU
		{692FD25B-045C-4A19-B709-EA287303301E}.Debug|iPhone.ActiveCfg = Debug|Any CPU
		{692FD25B-045C-4A19-B709-EA287303301E}.Debug|iPhone.Build.0 = Debug|Any CPU
		{692FD25B-045C-4A19-B709-EA287303301E}.Debug|iPhone.Deploy.0 = Debug|Any CPU
		{692FD25B-045C-4A19-B709-EA287303301E}.Debug|iPhoneSimulator.ActiveCfg = Debug|Any CPU
		{692FD25B-045C-4A19-B709-EA287303301E}.Debug|iPhoneSimulator.Build.0 = Debug|Any CPU
		{692FD25B-045C-4A19-B709-EA287303301E}.Debug|iPhoneSimulator.Deploy.0 = Debug|Any CPU
		{692FD25B-045C-4A19-B709-EA287303301E}.Debug|x64.ActiveCfg = Debug|Any CPU
		{692FD25B-045C-4A19-B709-EA287303301E}.Debug|x64.Build.0 = Debug|Any CPU
		{692FD25B-045C-4A19-B709-EA287303301E}.Debug|x64.Deploy.0 = Debug|Any CPU
		{692FD25B-045C-4A19-B709-EA287303301E}.Debug|x86.ActiveCfg = Debug|Any CPU
		{692FD25B-045C-4A19-B709-EA287303301E}.Debug|x86.Build.0 = Debug|Any CPU
		{692FD25B-045C-4A19-B709-EA287303301E}.Debug|x86.Deploy.0 = Debug|Any CPU
		{692FD25B-045C-4A19-B709-EA287303301E}.Release|Any CPU.ActiveCfg = Release|Any CPU
		{692FD25B-045C-4A19-B709-EA287303301E}.Release|Any CPU.Build.0 = Release|Any CPU
		{692FD25B-045C-4A19-B709-EA287303301E}.Release|Any CPU.Deploy.0 = Release|Any CPU
		{692FD25B-045C-4A19-B709-EA287303301E}.Release|ARM.ActiveCfg = Release|Any CPU
		{692FD25B-045C-4A19-B709-EA287303301E}.Release|ARM.Build.0 = Release|Any CPU
		{692FD25B-045C-4A19-B709-EA287303301E}.Release|ARM.Deploy.0 = Release|Any CPU
		{692FD25B-045C-4A19-B709-EA287303301E}.Release|iPhone.ActiveCfg = Release|Any CPU
		{692FD25B-045C-4A19-B709-EA287303301E}.Release|iPhone.Build.0 = Release|Any CPU
		{692FD25B-045C-4A19-B709-EA287303301E}.Release|iPhone.Deploy.0 = Release|Any CPU
		{692FD25B-045C-4A19-B709-EA287303301E}.Release|iPhoneSimulator.ActiveCfg = Release|Any CPU
		{692FD25B-045C-4A19-B709-EA287303301E}.Release|iPhoneSimulator.Build.0 = Release|Any CPU
		{692FD25B-045C-4A19-B709-EA287303301E}.Release|iPhoneSimulator.Deploy.0 = Release|Any CPU
		{692FD25B-045C-4A19-B709-EA287303301E}.Release|x64.ActiveCfg = Release|Any CPU
		{692FD25B-045C-4A19-B709-EA287303301E}.Release|x64.Build.0 = Release|Any CPU
		{692FD25B-045C-4A19-B709-EA287303301E}.Release|x64.Deploy.0 = Release|Any CPU
		{692FD25B-045C-4A19-B709-EA287303301E}.Release|x86.ActiveCfg = Release|Any CPU
		{692FD25B-045C-4A19-B709-EA287303301E}.Release|x86.Build.0 = Release|Any CPU
		{692FD25B-045C-4A19-B709-EA287303301E}.Release|x86.Deploy.0 = Release|Any CPU
		{5380284E-F446-462F-9B4E-DF84D2C07C32}.Ad-Hoc|Any CPU.ActiveCfg = Ad-Hoc|iPhone
		{5380284E-F446-462F-9B4E-DF84D2C07C32}.Ad-Hoc|Any CPU.Build.0 = Ad-Hoc|iPhone
		{5380284E-F446-462F-9B4E-DF84D2C07C32}.Ad-Hoc|Any CPU.Deploy.0 = Ad-Hoc|iPhone
		{5380284E-F446-462F-9B4E-DF84D2C07C32}.Ad-Hoc|ARM.ActiveCfg = Ad-Hoc|iPhone
		{5380284E-F446-462F-9B4E-DF84D2C07C32}.Ad-Hoc|ARM.Build.0 = Ad-Hoc|iPhone
		{5380284E-F446-462F-9B4E-DF84D2C07C32}.Ad-Hoc|ARM.Deploy.0 = Ad-Hoc|iPhone
		{5380284E-F446-462F-9B4E-DF84D2C07C32}.Ad-Hoc|iPhone.ActiveCfg = Ad-Hoc|iPhone
		{5380284E-F446-462F-9B4E-DF84D2C07C32}.Ad-Hoc|iPhone.Build.0 = Ad-Hoc|iPhone
		{5380284E-F446-462F-9B4E-DF84D2C07C32}.Ad-Hoc|iPhone.Deploy.0 = Ad-Hoc|iPhone
		{5380284E-F446-462F-9B4E-DF84D2C07C32}.Ad-Hoc|iPhoneSimulator.ActiveCfg = Ad-Hoc|iPhoneSimulator
		{5380284E-F446-462F-9B4E-DF84D2C07C32}.Ad-Hoc|iPhoneSimulator.Build.0 = Ad-Hoc|iPhoneSimulator
		{5380284E-F446-462F-9B4E-DF84D2C07C32}.Ad-Hoc|iPhoneSimulator.Deploy.0 = Ad-Hoc|iPhoneSimulator
		{5380284E-F446-462F-9B4E-DF84D2C07C32}.Ad-Hoc|x64.ActiveCfg = Ad-Hoc|iPhone
		{5380284E-F446-462F-9B4E-DF84D2C07C32}.Ad-Hoc|x64.Build.0 = Ad-Hoc|iPhone
		{5380284E-F446-462F-9B4E-DF84D2C07C32}.Ad-Hoc|x64.Deploy.0 = Ad-Hoc|iPhone
		{5380284E-F446-462F-9B4E-DF84D2C07C32}.Ad-Hoc|x86.ActiveCfg = Ad-Hoc|iPhone
		{5380284E-F446-462F-9B4E-DF84D2C07C32}.Ad-Hoc|x86.Build.0 = Ad-Hoc|iPhone
		{5380284E-F446-462F-9B4E-DF84D2C07C32}.Ad-Hoc|x86.Deploy.0 = Ad-Hoc|iPhone
		{5380284E-F446-462F-9B4E-DF84D2C07C32}.AppStore|Any CPU.ActiveCfg = AppStore|iPhone
		{5380284E-F446-462F-9B4E-DF84D2C07C32}.AppStore|Any CPU.Build.0 = AppStore|iPhone
		{5380284E-F446-462F-9B4E-DF84D2C07C32}.AppStore|Any CPU.Deploy.0 = AppStore|iPhone
		{5380284E-F446-462F-9B4E-DF84D2C07C32}.AppStore|ARM.ActiveCfg = AppStore|iPhone
		{5380284E-F446-462F-9B4E-DF84D2C07C32}.AppStore|ARM.Build.0 = AppStore|iPhone
		{5380284E-F446-462F-9B4E-DF84D2C07C32}.AppStore|ARM.Deploy.0 = AppStore|iPhone
		{5380284E-F446-462F-9B4E-DF84D2C07C32}.AppStore|iPhone.ActiveCfg = AppStore|iPhone
		{5380284E-F446-462F-9B4E-DF84D2C07C32}.AppStore|iPhone.Build.0 = AppStore|iPhone
		{5380284E-F446-462F-9B4E-DF84D2C07C32}.AppStore|iPhone.Deploy.0 = AppStore|iPhone
		{5380284E-F446-462F-9B4E-DF84D2C07C32}.AppStore|iPhoneSimulator.ActiveCfg = AppStore|iPhoneSimulator
		{5380284E-F446-462F-9B4E-DF84D2C07C32}.AppStore|iPhoneSimulator.Build.0 = AppStore|iPhoneSimulator
		{5380284E-F446-462F-9B4E-DF84D2C07C32}.AppStore|iPhoneSimulator.Deploy.0 = AppStore|iPhoneSimulator
		{5380284E-F446-462F-9B4E-DF84D2C07C32}.AppStore|x64.ActiveCfg = AppStore|iPhone
		{5380284E-F446-462F-9B4E-DF84D2C07C32}.AppStore|x64.Build.0 = AppStore|iPhone
		{5380284E-F446-462F-9B4E-DF84D2C07C32}.AppStore|x64.Deploy.0 = AppStore|iPhone
		{5380284E-F446-462F-9B4E-DF84D2C07C32}.AppStore|x86.ActiveCfg = AppStore|iPhone
		{5380284E-F446-462F-9B4E-DF84D2C07C32}.AppStore|x86.Build.0 = AppStore|iPhone
		{5380284E-F446-462F-9B4E-DF84D2C07C32}.AppStore|x86.Deploy.0 = AppStore|iPhone
		{5380284E-F446-462F-9B4E-DF84D2C07C32}.Debug|Any CPU.ActiveCfg = Debug|iPhoneSimulator
		{5380284E-F446-462F-9B4E-DF84D2C07C32}.Debug|Any CPU.Build.0 = Debug|iPhoneSimulator
		{5380284E-F446-462F-9B4E-DF84D2C07C32}.Debug|Any CPU.Deploy.0 = Debug|iPhoneSimulator
		{5380284E-F446-462F-9B4E-DF84D2C07C32}.Debug|ARM.ActiveCfg = Debug|iPhone
		{5380284E-F446-462F-9B4E-DF84D2C07C32}.Debug|ARM.Build.0 = Debug|iPhone
		{5380284E-F446-462F-9B4E-DF84D2C07C32}.Debug|ARM.Deploy.0 = Debug|iPhone
		{5380284E-F446-462F-9B4E-DF84D2C07C32}.Debug|iPhone.ActiveCfg = Debug|iPhone
		{5380284E-F446-462F-9B4E-DF84D2C07C32}.Debug|iPhone.Build.0 = Debug|iPhone
		{5380284E-F446-462F-9B4E-DF84D2C07C32}.Debug|iPhone.Deploy.0 = Debug|iPhone
		{5380284E-F446-462F-9B4E-DF84D2C07C32}.Debug|iPhoneSimulator.ActiveCfg = Debug|iPhoneSimulator
		{5380284E-F446-462F-9B4E-DF84D2C07C32}.Debug|iPhoneSimulator.Build.0 = Debug|iPhoneSimulator
		{5380284E-F446-462F-9B4E-DF84D2C07C32}.Debug|iPhoneSimulator.Deploy.0 = Debug|iPhoneSimulator
		{5380284E-F446-462F-9B4E-DF84D2C07C32}.Debug|x64.ActiveCfg = Debug|iPhone
		{5380284E-F446-462F-9B4E-DF84D2C07C32}.Debug|x64.Build.0 = Debug|iPhone
		{5380284E-F446-462F-9B4E-DF84D2C07C32}.Debug|x64.Deploy.0 = Debug|iPhone
		{5380284E-F446-462F-9B4E-DF84D2C07C32}.Debug|x86.ActiveCfg = Debug|iPhone
		{5380284E-F446-462F-9B4E-DF84D2C07C32}.Debug|x86.Build.0 = Debug|iPhone
		{5380284E-F446-462F-9B4E-DF84D2C07C32}.Debug|x86.Deploy.0 = Debug|iPhone
		{5380284E-F446-462F-9B4E-DF84D2C07C32}.Release|Any CPU.ActiveCfg = Release|iPhone
		{5380284E-F446-462F-9B4E-DF84D2C07C32}.Release|Any CPU.Build.0 = Release|iPhone
		{5380284E-F446-462F-9B4E-DF84D2C07C32}.Release|Any CPU.Deploy.0 = Release|iPhone
		{5380284E-F446-462F-9B4E-DF84D2C07C32}.Release|ARM.ActiveCfg = Release|iPhone
		{5380284E-F446-462F-9B4E-DF84D2C07C32}.Release|ARM.Build.0 = Release|iPhone
		{5380284E-F446-462F-9B4E-DF84D2C07C32}.Release|ARM.Deploy.0 = Release|iPhone
		{5380284E-F446-462F-9B4E-DF84D2C07C32}.Release|iPhone.ActiveCfg = Release|iPhone
		{5380284E-F446-462F-9B4E-DF84D2C07C32}.Release|iPhone.Build.0 = Release|iPhone
		{5380284E-F446-462F-9B4E-DF84D2C07C32}.Release|iPhone.Deploy.0 = Release|iPhone
		{5380284E-F446-462F-9B4E-DF84D2C07C32}.Release|iPhoneSimulator.ActiveCfg = Release|iPhoneSimulator
		{5380284E-F446-462F-9B4E-DF84D2C07C32}.Release|iPhoneSimulator.Build.0 = Release|iPhoneSimulator
		{5380284E-F446-462F-9B4E-DF84D2C07C32}.Release|iPhoneSimulator.Deploy.0 = Release|iPhoneSimulator
		{5380284E-F446-462F-9B4E-DF84D2C07C32}.Release|x64.ActiveCfg = Release|iPhone
		{5380284E-F446-462F-9B4E-DF84D2C07C32}.Release|x64.Build.0 = Release|iPhone
		{5380284E-F446-462F-9B4E-DF84D2C07C32}.Release|x64.Deploy.0 = Release|iPhone
		{5380284E-F446-462F-9B4E-DF84D2C07C32}.Release|x86.ActiveCfg = Release|iPhone
		{5380284E-F446-462F-9B4E-DF84D2C07C32}.Release|x86.Build.0 = Release|iPhone
		{5380284E-F446-462F-9B4E-DF84D2C07C32}.Release|x86.Deploy.0 = Release|iPhone
		{733A52D0-8D0E-445D-AF65-B7C5F876827F}.Ad-Hoc|Any CPU.ActiveCfg = Release|x86
		{733A52D0-8D0E-445D-AF65-B7C5F876827F}.Ad-Hoc|Any CPU.Build.0 = Release|x86
		{733A52D0-8D0E-445D-AF65-B7C5F876827F}.Ad-Hoc|Any CPU.Deploy.0 = Release|x86
		{733A52D0-8D0E-445D-AF65-B7C5F876827F}.Ad-Hoc|ARM.ActiveCfg = Release|ARM
		{733A52D0-8D0E-445D-AF65-B7C5F876827F}.Ad-Hoc|ARM.Build.0 = Release|ARM
		{733A52D0-8D0E-445D-AF65-B7C5F876827F}.Ad-Hoc|ARM.Deploy.0 = Release|ARM
		{733A52D0-8D0E-445D-AF65-B7C5F876827F}.Ad-Hoc|iPhone.ActiveCfg = Release|x86
		{733A52D0-8D0E-445D-AF65-B7C5F876827F}.Ad-Hoc|iPhone.Build.0 = Release|x86
		{733A52D0-8D0E-445D-AF65-B7C5F876827F}.Ad-Hoc|iPhone.Deploy.0 = Release|x86
		{733A52D0-8D0E-445D-AF65-B7C5F876827F}.Ad-Hoc|iPhoneSimulator.ActiveCfg = Release|x86
		{733A52D0-8D0E-445D-AF65-B7C5F876827F}.Ad-Hoc|iPhoneSimulator.Build.0 = Release|x86
		{733A52D0-8D0E-445D-AF65-B7C5F876827F}.Ad-Hoc|iPhoneSimulator.Deploy.0 = Release|x86
		{733A52D0-8D0E-445D-AF65-B7C5F876827F}.Ad-Hoc|x64.ActiveCfg = Release|x64
		{733A52D0-8D0E-445D-AF65-B7C5F876827F}.Ad-Hoc|x64.Build.0 = Release|x64
		{733A52D0-8D0E-445D-AF65-B7C5F876827F}.Ad-Hoc|x64.Deploy.0 = Release|x64
		{733A52D0-8D0E-445D-AF65-B7C5F876827F}.Ad-Hoc|x86.ActiveCfg = Release|x86
		{733A52D0-8D0E-445D-AF65-B7C5F876827F}.Ad-Hoc|x86.Build.0 = Release|x86
		{733A52D0-8D0E-445D-AF65-B7C5F876827F}.Ad-Hoc|x86.Deploy.0 = Release|x86
		{733A52D0-8D0E-445D-AF65-B7C5F876827F}.AppStore|Any CPU.ActiveCfg = Release|x86
		{733A52D0-8D0E-445D-AF65-B7C5F876827F}.AppStore|Any CPU.Build.0 = Release|x86
		{733A52D0-8D0E-445D-AF65-B7C5F876827F}.AppStore|Any CPU.Deploy.0 = Release|x86
		{733A52D0-8D0E-445D-AF65-B7C5F876827F}.AppStore|ARM.ActiveCfg = Release|ARM
		{733A52D0-8D0E-445D-AF65-B7C5F876827F}.AppStore|ARM.Build.0 = Release|ARM
		{733A52D0-8D0E-445D-AF65-B7C5F876827F}.AppStore|ARM.Deploy.0 = Release|ARM
		{733A52D0-8D0E-445D-AF65-B7C5F876827F}.AppStore|iPhone.ActiveCfg = Release|x86
		{733A52D0-8D0E-445D-AF65-B7C5F876827F}.AppStore|iPhone.Build.0 = Release|x86
		{733A52D0-8D0E-445D-AF65-B7C5F876827F}.AppStore|iPhone.Deploy.0 = Release|x86
		{733A52D0-8D0E-445D-AF65-B7C5F876827F}.AppStore|iPhoneSimulator.ActiveCfg = Release|x86
		{733A52D0-8D0E-445D-AF65-B7C5F876827F}.AppStore|iPhoneSimulator.Build.0 = Release|x86
		{733A52D0-8D0E-445D-AF65-B7C5F876827F}.AppStore|iPhoneSimulator.Deploy.0 = Release|x86
		{733A52D0-8D0E-445D-AF65-B7C5F876827F}.AppStore|x64.ActiveCfg = Release|x64
		{733A52D0-8D0E-445D-AF65-B7C5F876827F}.AppStore|x64.Build.0 = Release|x64
		{733A52D0-8D0E-445D-AF65-B7C5F876827F}.AppStore|x64.Deploy.0 = Release|x64
		{733A52D0-8D0E-445D-AF65-B7C5F876827F}.AppStore|x86.ActiveCfg = Release|x86
		{733A52D0-8D0E-445D-AF65-B7C5F876827F}.AppStore|x86.Build.0 = Release|x86
		{733A52D0-8D0E-445D-AF65-B7C5F876827F}.AppStore|x86.Deploy.0 = Release|x86
		{733A52D0-8D0E-445D-AF65-B7C5F876827F}.Debug|Any CPU.ActiveCfg = Debug|x86
		{733A52D0-8D0E-445D-AF65-B7C5F876827F}.Debug|Any CPU.Build.0 = Debug|x86
		{733A52D0-8D0E-445D-AF65-B7C5F876827F}.Debug|Any CPU.Deploy.0 = Debug|x86
		{733A52D0-8D0E-445D-AF65-B7C5F876827F}.Debug|ARM.ActiveCfg = Debug|ARM
		{733A52D0-8D0E-445D-AF65-B7C5F876827F}.Debug|ARM.Build.0 = Debug|ARM
		{733A52D0-8D0E-445D-AF65-B7C5F876827F}.Debug|ARM.Deploy.0 = Debug|ARM
		{733A52D0-8D0E-445D-AF65-B7C5F876827F}.Debug|iPhone.ActiveCfg = Debug|x86
		{733A52D0-8D0E-445D-AF65-B7C5F876827F}.Debug|iPhone.Build.0 = Debug|x86
		{733A52D0-8D0E-445D-AF65-B7C5F876827F}.Debug|iPhone.Deploy.0 = Debug|x86
		{733A52D0-8D0E-445D-AF65-B7C5F876827F}.Debug|iPhoneSimulator.ActiveCfg = Debug|x86
		{733A52D0-8D0E-445D-AF65-B7C5F876827F}.Debug|iPhoneSimulator.Build.0 = Debug|x86
		{733A52D0-8D0E-445D-AF65-B7C5F876827F}.Debug|iPhoneSimulator.Deploy.0 = Debug|x86
		{733A52D0-8D0E-445D-AF65-B7C5F876827F}.Debug|x64.ActiveCfg = Debug|x64
		{733A52D0-8D0E-445D-AF65-B7C5F876827F}.Debug|x64.Build.0 = Debug|x64
		{733A52D0-8D0E-445D-AF65-B7C5F876827F}.Debug|x64.Deploy.0 = Debug|x64
		{733A52D0-8D0E-445D-AF65-B7C5F876827F}.Debug|x86.ActiveCfg = Debug|x86
		{733A52D0-8D0E-445D-AF65-B7C5F876827F}.Debug|x86.Build.0 = Debug|x86
		{733A52D0-8D0E-445D-AF65-B7C5F876827F}.Debug|x86.Deploy.0 = Debug|x86
		{733A52D0-8D0E-445D-AF65-B7C5F876827F}.Release|Any CPU.ActiveCfg = Release|x86
		{733A52D0-8D0E-445D-AF65-B7C5F876827F}.Release|Any CPU.Build.0 = Release|x86
		{733A52D0-8D0E-445D-AF65-B7C5F876827F}.Release|Any CPU.Deploy.0 = Release|x86
		{733A52D0-8D0E-445D-AF65-B7C5F876827F}.Release|ARM.ActiveCfg = Release|ARM
		{733A52D0-8D0E-445D-AF65-B7C5F876827F}.Release|ARM.Build.0 = Release|ARM
		{733A52D0-8D0E-445D-AF65-B7C5F876827F}.Release|ARM.Deploy.0 = Release|ARM
		{733A52D0-8D0E-445D-AF65-B7C5F876827F}.Release|iPhone.ActiveCfg = Release|x86
		{733A52D0-8D0E-445D-AF65-B7C5F876827F}.Release|iPhone.Build.0 = Release|x86
		{733A52D0-8D0E-445D-AF65-B7C5F876827F}.Release|iPhone.Deploy.0 = Release|x86
		{733A52D0-8D0E-445D-AF65-B7C5F876827F}.Release|iPhoneSimulator.ActiveCfg = Release|x86
		{733A52D0-8D0E-445D-AF65-B7C5F876827F}.Release|iPhoneSimulator.Build.0 = Release|x86
		{733A52D0-8D0E-445D-AF65-B7C5F876827F}.Release|iPhoneSimulator.Deploy.0 = Release|x86
		{733A52D0-8D0E-445D-AF65-B7C5F876827F}.Release|x64.ActiveCfg = Release|x64
		{733A52D0-8D0E-445D-AF65-B7C5F876827F}.Release|x64.Build.0 = Release|x64
		{733A52D0-8D0E-445D-AF65-B7C5F876827F}.Release|x64.Deploy.0 = Release|x64
		{733A52D0-8D0E-445D-AF65-B7C5F876827F}.Release|x86.ActiveCfg = Release|x86
		{733A52D0-8D0E-445D-AF65-B7C5F876827F}.Release|x86.Build.0 = Release|x86
		{733A52D0-8D0E-445D-AF65-B7C5F876827F}.Release|x86.Deploy.0 = Release|x86
		{79DDFBAB-F371-4A62-A861-087BA32C1358}.Ad-Hoc|Any CPU.ActiveCfg = Debug|Any CPU
		{79DDFBAB-F371-4A62-A861-087BA32C1358}.Ad-Hoc|Any CPU.Build.0 = Debug|Any CPU
		{79DDFBAB-F371-4A62-A861-087BA32C1358}.Ad-Hoc|Any CPU.Deploy.0 = Debug|Any CPU
		{79DDFBAB-F371-4A62-A861-087BA32C1358}.Ad-Hoc|ARM.ActiveCfg = Debug|Any CPU
		{79DDFBAB-F371-4A62-A861-087BA32C1358}.Ad-Hoc|ARM.Build.0 = Debug|Any CPU
		{79DDFBAB-F371-4A62-A861-087BA32C1358}.Ad-Hoc|ARM.Deploy.0 = Debug|Any CPU
		{79DDFBAB-F371-4A62-A861-087BA32C1358}.Ad-Hoc|iPhone.ActiveCfg = Debug|Any CPU
		{79DDFBAB-F371-4A62-A861-087BA32C1358}.Ad-Hoc|iPhone.Build.0 = Debug|Any CPU
		{79DDFBAB-F371-4A62-A861-087BA32C1358}.Ad-Hoc|iPhone.Deploy.0 = Debug|Any CPU
		{79DDFBAB-F371-4A62-A861-087BA32C1358}.Ad-Hoc|iPhoneSimulator.ActiveCfg = Debug|Any CPU
		{79DDFBAB-F371-4A62-A861-087BA32C1358}.Ad-Hoc|iPhoneSimulator.Build.0 = Debug|Any CPU
		{79DDFBAB-F371-4A62-A861-087BA32C1358}.Ad-Hoc|iPhoneSimulator.Deploy.0 = Debug|Any CPU
		{79DDFBAB-F371-4A62-A861-087BA32C1358}.Ad-Hoc|x64.ActiveCfg = Debug|Any CPU
		{79DDFBAB-F371-4A62-A861-087BA32C1358}.Ad-Hoc|x64.Build.0 = Debug|Any CPU
		{79DDFBAB-F371-4A62-A861-087BA32C1358}.Ad-Hoc|x64.Deploy.0 = Debug|Any CPU
		{79DDFBAB-F371-4A62-A861-087BA32C1358}.Ad-Hoc|x86.ActiveCfg = Debug|Any CPU
		{79DDFBAB-F371-4A62-A861-087BA32C1358}.Ad-Hoc|x86.Build.0 = Debug|Any CPU
		{79DDFBAB-F371-4A62-A861-087BA32C1358}.Ad-Hoc|x86.Deploy.0 = Debug|Any CPU
		{79DDFBAB-F371-4A62-A861-087BA32C1358}.AppStore|Any CPU.ActiveCfg = Debug|Any CPU
		{79DDFBAB-F371-4A62-A861-087BA32C1358}.AppStore|Any CPU.Build.0 = Debug|Any CPU
		{79DDFBAB-F371-4A62-A861-087BA32C1358}.AppStore|Any CPU.Deploy.0 = Debug|Any CPU
		{79DDFBAB-F371-4A62-A861-087BA32C1358}.AppStore|ARM.ActiveCfg = Debug|Any CPU
		{79DDFBAB-F371-4A62-A861-087BA32C1358}.AppStore|ARM.Build.0 = Debug|Any CPU
		{79DDFBAB-F371-4A62-A861-087BA32C1358}.AppStore|ARM.Deploy.0 = Debug|Any CPU
		{79DDFBAB-F371-4A62-A861-087BA32C1358}.AppStore|iPhone.ActiveCfg = Debug|Any CPU
		{79DDFBAB-F371-4A62-A861-087BA32C1358}.AppStore|iPhone.Build.0 = Debug|Any CPU
		{79DDFBAB-F371-4A62-A861-087BA32C1358}.AppStore|iPhone.Deploy.0 = Debug|Any CPU
		{79DDFBAB-F371-4A62-A861-087BA32C1358}.AppStore|iPhoneSimulator.ActiveCfg = Debug|Any CPU
		{79DDFBAB-F371-4A62-A861-087BA32C1358}.AppStore|iPhoneSimulator.Build.0 = Debug|Any CPU
		{79DDFBAB-F371-4A62-A861-087BA32C1358}.AppStore|iPhoneSimulator.Deploy.0 = Debug|Any CPU
		{79DDFBAB-F371-4A62-A861-087BA32C1358}.AppStore|x64.ActiveCfg = Debug|Any CPU
		{79DDFBAB-F371-4A62-A861-087BA32C1358}.AppStore|x64.Build.0 = Debug|Any CPU
		{79DDFBAB-F371-4A62-A861-087BA32C1358}.AppStore|x64.Deploy.0 = Debug|Any CPU
		{79DDFBAB-F371-4A62-A861-087BA32C1358}.AppStore|x86.ActiveCfg = Debug|Any CPU
		{79DDFBAB-F371-4A62-A861-087BA32C1358}.AppStore|x86.Build.0 = Debug|Any CPU
		{79DDFBAB-F371-4A62-A861-087BA32C1358}.AppStore|x86.Deploy.0 = Debug|Any CPU
		{79DDFBAB-F371-4A62-A861-087BA32C1358}.Debug|Any CPU.ActiveCfg = Debug|Any CPU
		{79DDFBAB-F371-4A62-A861-087BA32C1358}.Debug|Any CPU.Build.0 = Debug|Any CPU
		{79DDFBAB-F371-4A62-A861-087BA32C1358}.Debug|Any CPU.Deploy.0 = Debug|Any CPU
		{79DDFBAB-F371-4A62-A861-087BA32C1358}.Debug|ARM.ActiveCfg = Debug|Any CPU
		{79DDFBAB-F371-4A62-A861-087BA32C1358}.Debug|ARM.Build.0 = Debug|Any CPU
		{79DDFBAB-F371-4A62-A861-087BA32C1358}.Debug|ARM.Deploy.0 = Debug|Any CPU
		{79DDFBAB-F371-4A62-A861-087BA32C1358}.Debug|iPhone.ActiveCfg = Debug|Any CPU
		{79DDFBAB-F371-4A62-A861-087BA32C1358}.Debug|iPhone.Build.0 = Debug|Any CPU
		{79DDFBAB-F371-4A62-A861-087BA32C1358}.Debug|iPhone.Deploy.0 = Debug|Any CPU
		{79DDFBAB-F371-4A62-A861-087BA32C1358}.Debug|iPhoneSimulator.ActiveCfg = Debug|Any CPU
		{79DDFBAB-F371-4A62-A861-087BA32C1358}.Debug|iPhoneSimulator.Build.0 = Debug|Any CPU
		{79DDFBAB-F371-4A62-A861-087BA32C1358}.Debug|iPhoneSimulator.Deploy.0 = Debug|Any CPU
		{79DDFBAB-F371-4A62-A861-087BA32C1358}.Debug|x64.ActiveCfg = Debug|Any CPU
		{79DDFBAB-F371-4A62-A861-087BA32C1358}.Debug|x64.Build.0 = Debug|Any CPU
		{79DDFBAB-F371-4A62-A861-087BA32C1358}.Debug|x64.Deploy.0 = Debug|Any CPU
		{79DDFBAB-F371-4A62-A861-087BA32C1358}.Debug|x86.ActiveCfg = Debug|Any CPU
		{79DDFBAB-F371-4A62-A861-087BA32C1358}.Debug|x86.Build.0 = Debug|Any CPU
		{79DDFBAB-F371-4A62-A861-087BA32C1358}.Debug|x86.Deploy.0 = Debug|Any CPU
		{79DDFBAB-F371-4A62-A861-087BA32C1358}.Release|Any CPU.ActiveCfg = Release|Any CPU
		{79DDFBAB-F371-4A62-A861-087BA32C1358}.Release|Any CPU.Build.0 = Release|Any CPU
		{79DDFBAB-F371-4A62-A861-087BA32C1358}.Release|Any CPU.Deploy.0 = Release|Any CPU
		{79DDFBAB-F371-4A62-A861-087BA32C1358}.Release|ARM.ActiveCfg = Release|Any CPU
		{79DDFBAB-F371-4A62-A861-087BA32C1358}.Release|ARM.Build.0 = Release|Any CPU
		{79DDFBAB-F371-4A62-A861-087BA32C1358}.Release|ARM.Deploy.0 = Release|Any CPU
		{79DDFBAB-F371-4A62-A861-087BA32C1358}.Release|iPhone.ActiveCfg = Release|Any CPU
		{79DDFBAB-F371-4A62-A861-087BA32C1358}.Release|iPhone.Build.0 = Release|Any CPU
		{79DDFBAB-F371-4A62-A861-087BA32C1358}.Release|iPhone.Deploy.0 = Release|Any CPU
		{79DDFBAB-F371-4A62-A861-087BA32C1358}.Release|iPhoneSimulator.ActiveCfg = Release|Any CPU
		{79DDFBAB-F371-4A62-A861-087BA32C1358}.Release|iPhoneSimulator.Build.0 = Release|Any CPU
		{79DDFBAB-F371-4A62-A861-087BA32C1358}.Release|iPhoneSimulator.Deploy.0 = Release|Any CPU
		{79DDFBAB-F371-4A62-A861-087BA32C1358}.Release|x64.ActiveCfg = Release|Any CPU
		{79DDFBAB-F371-4A62-A861-087BA32C1358}.Release|x64.Build.0 = Release|Any CPU
		{79DDFBAB-F371-4A62-A861-087BA32C1358}.Release|x64.Deploy.0 = Release|Any CPU
		{79DDFBAB-F371-4A62-A861-087BA32C1358}.Release|x86.ActiveCfg = Release|Any CPU
		{79DDFBAB-F371-4A62-A861-087BA32C1358}.Release|x86.Build.0 = Release|Any CPU
		{79DDFBAB-F371-4A62-A861-087BA32C1358}.Release|x86.Deploy.0 = Release|Any CPU
	EndGlobalSection
	GlobalSection(SolutionProperties) = preSolution
		HideSolutionNode = FALSE
	EndGlobalSection
	GlobalSection(ExtensibilityGlobals) = postSolution
		SolutionGuid = {FFCC4435-33C8-4636-94EF-1A35C818B310}
	EndGlobalSection
EndGlobal
